
Microsoft Visual Studio Solution File, Format Version 12.00
# Visual Studio Version 17
VisualStudioVersion = 17.9.34714.143
MinimumVisualStudioVersion = 10.0.40219.1
Project("{FAE04EC0-301F-11D3-BF4B-00C04F79EFBC}") = "Assignment_6", "Assignment_6.csproj", "{DA925673-BA13-4B75-8F0A-0D88C7F68BBE}"
EndProject
Global
	GlobalSection(SolutionConfigurationPlatforms) = preSolution
		Debug|Any CPU = Debug|Any CPU
		Release|Any CPU = Release|Any CPU
	EndGlobalSection
	GlobalSection(ProjectConfigurationPlatforms) = postSolution
		{DA925673-BA13-4B75-8F0A-0D88C7F68BBE}.Debug|Any CPU.ActiveCfg = Debug|Any CPU
		{DA925673-BA13-4B75-8F0A-0D88C7F68BBE}.Debug|Any CPU.Build.0 = Debug|Any CPU
		{DA925673-BA13-4B75-8F0A-0D88C7F68BBE}.Release|Any CPU.ActiveCfg = Release|Any CPU
		{DA925673-BA13-4B75-8F0A-0D88C7F68BBE}.Release|Any CPU.Build.0 = Release|Any CPU
	EndGlobalSection
	GlobalSection(SolutionProperties) = preSolution
		HideSolutionNode = FALSE
	EndGlobalSection
	GlobalSection(ExtensibilityGlobals) = postSolution
		SolutionGuid = {5F39975D-B2BA-4F14-AE0A-D8CCCB2E88BA}
	EndGlobalSection
EndGlobal
