
Microsoft Visual Studio Solution File, Format Version 12.00
# Visual Studio Version 17
VisualStudioVersion = 17.9.34714.143
MinimumVisualStudioVersion = 10.0.40219.1
Project("{FAE04EC0-301F-11D3-BF4B-00C04F79EFBC}") = "Assignment1-1", "Assignment1-1.csproj", "{B347D21B-DCCA-4800-BBBA-CB44675828EE}"
EndProject
Global
	GlobalSection(SolutionConfigurationPlatforms) = preSolution
		Debug|Any CPU = Debug|Any CPU
		Release|Any CPU = Release|Any CPU
	EndGlobalSection
	GlobalSection(ProjectConfigurationPlatforms) = postSolution
		{B347D21B-DCCA-4800-BBBA-CB44675828EE}.Debug|Any CPU.ActiveCfg = Debug|Any CPU
		{B347D21B-DCCA-4800-BBBA-CB44675828EE}.Debug|Any CPU.Build.0 = Debug|Any CPU
		{B347D21B-DCCA-4800-BBBA-CB44675828EE}.Release|Any CPU.ActiveCfg = Release|Any CPU
		{B347D21B-DCCA-4800-BBBA-CB44675828EE}.Release|Any CPU.Build.0 = Release|Any CPU
	EndGlobalSection
	GlobalSection(SolutionProperties) = preSolution
		HideSolutionNode = FALSE
	EndGlobalSection
	GlobalSection(ExtensibilityGlobals) = postSolution
		SolutionGuid = {631606E8-CDE2-4CD3-8BAF-FAB00BF8C0C1}
	EndGlobalSection
EndGlobal
